
Microsoft Visual Studio Solution File, Format Version 12.00
# Visual Studio Version 17
VisualStudioVersion = 17.11.35219.272
MinimumVisualStudioVersion = 10.0.40219.1
Project("{FAE04EC0-301F-11D3-BF4B-00C04F79EFBC}") = "football-tournament-maker-mvc", "football-tournament-maker-mvc\football-tournament-maker-mvc.csproj", "{9F0C8245-1FD4-42EC-A82D-C516C18B4084}"
EndProject
Global
	GlobalSection(SolutionConfigurationPlatforms) = preSolution
		Debug|Any CPU = Debug|Any CPU
		Release|Any CPU = Release|Any CPU
	EndGlobalSection
	GlobalSection(ProjectConfigurationPlatforms) = postSolution
		{9F0C8245-1FD4-42EC-A82D-C516C18B4084}.Debug|Any CPU.ActiveCfg = Debug|Any CPU
		{9F0C8245-1FD4-42EC-A82D-C516C18B4084}.Debug|Any CPU.Build.0 = Debug|Any CPU
		{9F0C8245-1FD4-42EC-A82D-C516C18B4084}.Release|Any CPU.ActiveCfg = Release|Any CPU
		{9F0C8245-1FD4-42EC-A82D-C516C18B4084}.Release|Any CPU.Build.0 = Release|Any CPU
	EndGlobalSection
	GlobalSection(SolutionProperties) = preSolution
		HideSolutionNode = FALSE
	EndGlobalSection
	GlobalSection(ExtensibilityGlobals) = postSolution
		SolutionGuid = {32B049CA-BC3A-4356-A5B3-42082E276BEF}
	EndGlobalSection
EndGlobal
